
Microsoft Visual Studio Solution File, Format Version 12.00
# Visual Studio Version 17
VisualStudioVersion = 17.0.31903.59
MinimumVisualStudioVersion = 10.0.40219.1
Project("{2150E333-8FDC-42A3-9474-1A3956D46DE8}") = "tests", "tests", "{0AB3BF05-4346-4AA6-1389-037BE0695223}"
EndProject
Project("{FAE04EC0-301F-11D3-BF4B-00C04F79EFBC}") = "EquilibraFitPlusPlus.Infrastructure.IntegrationTests", "tests\EquilibraFitPlusPlus.Infrastructure.IntegrationTests\EquilibraFitPlusPlus.Infrastructure.IntegrationTests.csproj", "{8BD10307-FA72-493B-90B7-A874536D22D2}"
EndProject
Project("{2150E333-8FDC-42A3-9474-1A3956D46DE8}") = "src", "src", "{827E0CD3-B72D-47B6-A68D-7590B98EB39B}"
EndProject
Project("{2150E333-8FDC-42A3-9474-1A3956D46DE8}") = "backend", "backend", "{FE360695-3F2B-1049-3887-35FBB5135923}"
EndProject
Project("{FAE04EC0-301F-11D3-BF4B-00C04F79EFBC}") = "EquilibraFitPlusPlus.Infrastructure", "src\backend\EquilibraFitPlusPlus.Infrastructure\EquilibraFitPlusPlus.Infrastructure.csproj", "{BA7D6F35-8EB6-4380-9658-6D9F75A490AC}"
EndProject
Project("{FAE04EC0-301F-11D3-BF4B-00C04F79EFBC}") = "EquilibraFitPlusPlus.Application", "src\backend\EquilibraFitPlusPlus.Application\EquilibraFitPlusPlus.Application.csproj", "{413237E9-F59A-4762-9AA6-A4E0BBF4ECA0}"
EndProject
Project("{FAE04EC0-301F-11D3-BF4B-00C04F79EFBC}") = "EquilibraFitPlusPlus.Domain", "src\backend\EquilibraFitPlusPlus.Domain\EquilibraFitPlusPlus.Domain.csproj", "{6B5C8CCF-B9DB-40D6-A0F2-FA4FAB79242B}"
EndProject
Project("{FAE04EC0-301F-11D3-BF4B-00C04F79EFBC}") = "EquilibraFitPlusPlus.Contracts", "src\backend\EquilibraFitPlusPlus.Contracts\EquilibraFitPlusPlus.Contracts.csproj", "{A1A1F04C-DAD9-45A1-817C-35ABC754E74B}"
EndProject
Project("{FAE04EC0-301F-11D3-BF4B-00C04F79EFBC}") = "EquilibraFitPlusPlus.Shared", "src\backend\EquilibraFitPlusPlus.Shared\EquilibraFitPlusPlus.Shared.csproj", "{30AE666C-DA18-4C57-A177-D82C5A9C52A8}"
EndProject
Project("{FAE04EC0-301F-11D3-BF4B-00C04F79EFBC}") = "EquilibraFitPlusPlus.Api.IntegrationTests", "tests\EquilibraFitPlusPlus.Api.IntegrationTests\EquilibraFitPlusPlus.Api.IntegrationTests.csproj", "{2D20BD99-F9AF-4C48-903B-704C4C4C341B}"
EndProject
Project("{FAE04EC0-301F-11D3-BF4B-00C04F79EFBC}") = "EquilibraFitPlusPlus.Api", "src\backend\EquilibraFitPlusPlus.Api\EquilibraFitPlusPlus.Api.csproj", "{1CF582EE-4D49-4216-9B33-E699FE04D590}"
EndProject
Project("{FAE04EC0-301F-11D3-BF4B-00C04F79EFBC}") = "EquilibraFitPlusPlus.Domain.UnitTests", "tests\EquilibraFitPlusPlus.Domain.UnitTests\EquilibraFitPlusPlus.Domain.UnitTests.csproj", "{A012A06F-FB2C-4BF3-A91E-CB486EF9DCD4}"
EndProject
Project("{FAE04EC0-301F-11D3-BF4B-00C04F79EFBC}") = "EquilibraFitPlusPlus.Architecture.Tests", "tests\EquilibraFitPlusPlus.Architecture.Tests\EquilibraFitPlusPlus.Architecture.Tests.csproj", "{E5B8A66E-6D31-49AD-8395-A67A2B1F554A}"
EndProject
Project("{2150E333-8FDC-42A3-9474-1A3956D46DE8}") = "admin", "admin", "{9787BF88-EEEB-1624-8357-14EC64727FE2}"
EndProject
Project("{FAE04EC0-301F-11D3-BF4B-00C04F79EFBC}") = "EquilibraFitPlusPlus.Admin", "src\admin\EquilibraFitPlusPlus.Admin\EquilibraFitPlusPlus.Admin.csproj", "{38CBD9C9-F16A-4990-8991-28F747A122E1}"
EndProject
Project("{FAE04EC0-301F-11D3-BF4B-00C04F79EFBC}") = "EquilibraFitPlusPlus.Application.UnitTests", "tests\EquilibraFitPlusPlus.Application.UnitTests\EquilibraFitPlusPlus.Application.UnitTests.csproj", "{00BA54FB-B226-4631-A385-FCA2F48E30CC}"
EndProject
Project("{FAE04EC0-301F-11D3-BF4B-00C04F79EFBC}") = "EquilibraFitPlusPlus.Admin.UnitTests", "tests\EquilibraFitPlusPlus.Admin.UnitTests\EquilibraFitPlusPlus.Admin.UnitTests.csproj", "{FEF74610-0BAD-49E7-9554-91BC10A76E7C}"
EndProject
Global
	GlobalSection(SolutionConfigurationPlatforms) = preSolution
		Debug|Any CPU = Debug|Any CPU
		Debug|x64 = Debug|x64
		Debug|x86 = Debug|x86
		Release|Any CPU = Release|Any CPU
		Release|x64 = Release|x64
		Release|x86 = Release|x86
	EndGlobalSection
	GlobalSection(ProjectConfigurationPlatforms) = postSolution
		{8BD10307-FA72-493B-90B7-A874536D22D2}.Debug|Any CPU.ActiveCfg = Debug|Any CPU
		{8BD10307-FA72-493B-90B7-A874536D22D2}.Debug|Any CPU.Build.0 = Debug|Any CPU
		{8BD10307-FA72-493B-90B7-A874536D22D2}.Debug|x64.ActiveCfg = Debug|Any CPU
		{8BD10307-FA72-493B-90B7-A874536D22D2}.Debug|x64.Build.0 = Debug|Any CPU
		{8BD10307-FA72-493B-90B7-A874536D22D2}.Debug|x86.ActiveCfg = Debug|Any CPU
		{8BD10307-FA72-493B-90B7-A874536D22D2}.Debug|x86.Build.0 = Debug|Any CPU
		{8BD10307-FA72-493B-90B7-A874536D22D2}.Release|Any CPU.ActiveCfg = Release|Any CPU
		{8BD10307-FA72-493B-90B7-A874536D22D2}.Release|Any CPU.Build.0 = Release|Any CPU
		{8BD10307-FA72-493B-90B7-A874536D22D2}.Release|x64.ActiveCfg = Release|Any CPU
		{8BD10307-FA72-493B-90B7-A874536D22D2}.Release|x64.Build.0 = Release|Any CPU
		{8BD10307-FA72-493B-90B7-A874536D22D2}.Release|x86.ActiveCfg = Release|Any CPU
		{8BD10307-FA72-493B-90B7-A874536D22D2}.Release|x86.Build.0 = Release|Any CPU
		{BA7D6F35-8EB6-4380-9658-6D9F75A490AC}.Debug|Any CPU.ActiveCfg = Debug|Any CPU
		{BA7D6F35-8EB6-4380-9658-6D9F75A490AC}.Debug|Any CPU.Build.0 = Debug|Any CPU
		{BA7D6F35-8EB6-4380-9658-6D9F75A490AC}.Debug|x64.ActiveCfg = Debug|Any CPU
		{BA7D6F35-8EB6-4380-9658-6D9F75A490AC}.Debug|x64.Build.0 = Debug|Any CPU
		{BA7D6F35-8EB6-4380-9658-6D9F75A490AC}.Debug|x86.ActiveCfg = Debug|Any CPU
		{BA7D6F35-8EB6-4380-9658-6D9F75A490AC}.Debug|x86.Build.0 = Debug|Any CPU
		{BA7D6F35-8EB6-4380-9658-6D9F75A490AC}.Release|Any CPU.ActiveCfg = Release|Any CPU
		{BA7D6F35-8EB6-4380-9658-6D9F75A490AC}.Release|Any CPU.Build.0 = Release|Any CPU
		{BA7D6F35-8EB6-4380-9658-6D9F75A490AC}.Release|x64.ActiveCfg = Release|Any CPU
		{BA7D6F35-8EB6-4380-9658-6D9F75A490AC}.Release|x64.Build.0 = Release|Any CPU
		{BA7D6F35-8EB6-4380-9658-6D9F75A490AC}.Release|x86.ActiveCfg = Release|Any CPU
		{BA7D6F35-8EB6-4380-9658-6D9F75A490AC}.Release|x86.Build.0 = Release|Any CPU
		{413237E9-F59A-4762-9AA6-A4E0BBF4ECA0}.Debug|Any CPU.ActiveCfg = Debug|Any CPU
		{413237E9-F59A-4762-9AA6-A4E0BBF4ECA0}.Debug|Any CPU.Build.0 = Debug|Any CPU
		{413237E9-F59A-4762-9AA6-A4E0BBF4ECA0}.Debug|x64.ActiveCfg = Debug|Any CPU
		{413237E9-F59A-4762-9AA6-A4E0BBF4ECA0}.Debug|x64.Build.0 = Debug|Any CPU
		{413237E9-F59A-4762-9AA6-A4E0BBF4ECA0}.Debug|x86.ActiveCfg = Debug|Any CPU
		{413237E9-F59A-4762-9AA6-A4E0BBF4ECA0}.Debug|x86.Build.0 = Debug|Any CPU
		{413237E9-F59A-4762-9AA6-A4E0BBF4ECA0}.Release|Any CPU.ActiveCfg = Release|Any CPU
		{413237E9-F59A-4762-9AA6-A4E0BBF4ECA0}.Release|Any CPU.Build.0 = Release|Any CPU
		{413237E9-F59A-4762-9AA6-A4E0BBF4ECA0}.Release|x64.ActiveCfg = Release|Any CPU
		{413237E9-F59A-4762-9AA6-A4E0BBF4ECA0}.Release|x64.Build.0 = Release|Any CPU
		{413237E9-F59A-4762-9AA6-A4E0BBF4ECA0}.Release|x86.ActiveCfg = Release|Any CPU
		{413237E9-F59A-4762-9AA6-A4E0BBF4ECA0}.Release|x86.Build.0 = Release|Any CPU
		{6B5C8CCF-B9DB-40D6-A0F2-FA4FAB79242B}.Debug|Any CPU.ActiveCfg = Debug|Any CPU
		{6B5C8CCF-B9DB-40D6-A0F2-FA4FAB79242B}.Debug|Any CPU.Build.0 = Debug|Any CPU
		{6B5C8CCF-B9DB-40D6-A0F2-FA4FAB79242B}.Debug|x64.ActiveCfg = Debug|Any CPU
		{6B5C8CCF-B9DB-40D6-A0F2-FA4FAB79242B}.Debug|x64.Build.0 = Debug|Any CPU
		{6B5C8CCF-B9DB-40D6-A0F2-FA4FAB79242B}.Debug|x86.ActiveCfg = Debug|Any CPU
		{6B5C8CCF-B9DB-40D6-A0F2-FA4FAB79242B}.Debug|x86.Build.0 = Debug|Any CPU
		{6B5C8CCF-B9DB-40D6-A0F2-FA4FAB79242B}.Release|Any CPU.ActiveCfg = Release|Any CPU
		{6B5C8CCF-B9DB-40D6-A0F2-FA4FAB79242B}.Release|Any CPU.Build.0 = Release|Any CPU
		{6B5C8CCF-B9DB-40D6-A0F2-FA4FAB79242B}.Release|x64.ActiveCfg = Release|Any CPU
		{6B5C8CCF-B9DB-40D6-A0F2-FA4FAB79242B}.Release|x64.Build.0 = Release|Any CPU
		{6B5C8CCF-B9DB-40D6-A0F2-FA4FAB79242B}.Release|x86.ActiveCfg = Release|Any CPU
		{6B5C8CCF-B9DB-40D6-A0F2-FA4FAB79242B}.Release|x86.Build.0 = Release|Any CPU
		{A1A1F04C-DAD9-45A1-817C-35ABC754E74B}.Debug|Any CPU.ActiveCfg = Debug|Any CPU
		{A1A1F04C-DAD9-45A1-817C-35ABC754E74B}.Debug|Any CPU.Build.0 = Debug|Any CPU
		{A1A1F04C-DAD9-45A1-817C-35ABC754E74B}.Debug|x64.ActiveCfg = Debug|Any CPU
		{A1A1F04C-DAD9-45A1-817C-35ABC754E74B}.Debug|x64.Build.0 = Debug|Any CPU
		{A1A1F04C-DAD9-45A1-817C-35ABC754E74B}.Debug|x86.ActiveCfg = Debug|Any CPU
		{A1A1F04C-DAD9-45A1-817C-35ABC754E74B}.Debug|x86.Build.0 = Debug|Any CPU
		{A1A1F04C-DAD9-45A1-817C-35ABC754E74B}.Release|Any CPU.ActiveCfg = Release|Any CPU
		{A1A1F04C-DAD9-45A1-817C-35ABC754E74B}.Release|Any CPU.Build.0 = Release|Any CPU
		{A1A1F04C-DAD9-45A1-817C-35ABC754E74B}.Release|x64.ActiveCfg = Release|Any CPU
		{A1A1F04C-DAD9-45A1-817C-35ABC754E74B}.Release|x64.Build.0 = Release|Any CPU
		{A1A1F04C-DAD9-45A1-817C-35ABC754E74B}.Release|x86.ActiveCfg = Release|Any CPU
		{A1A1F04C-DAD9-45A1-817C-35ABC754E74B}.Release|x86.Build.0 = Release|Any CPU
		{30AE666C-DA18-4C57-A177-D82C5A9C52A8}.Debug|Any CPU.ActiveCfg = Debug|Any CPU
		{30AE666C-DA18-4C57-A177-D82C5A9C52A8}.Debug|Any CPU.Build.0 = Debug|Any CPU
		{30AE666C-DA18-4C57-A177-D82C5A9C52A8}.Debug|x64.ActiveCfg = Debug|Any CPU
		{30AE666C-DA18-4C57-A177-D82C5A9C52A8}.Debug|x64.Build.0 = Debug|Any CPU
		{30AE666C-DA18-4C57-A177-D82C5A9C52A8}.Debug|x86.ActiveCfg = Debug|Any CPU
		{30AE666C-DA18-4C57-A177-D82C5A9C52A8}.Debug|x86.Build.0 = Debug|Any CPU
		{30AE666C-DA18-4C57-A177-D82C5A9C52A8}.Release|Any CPU.ActiveCfg = Release|Any CPU
		{30AE666C-DA18-4C57-A177-D82C5A9C52A8}.Release|Any CPU.Build.0 = Release|Any CPU
		{30AE666C-DA18-4C57-A177-D82C5A9C52A8}.Release|x64.ActiveCfg = Release|Any CPU
		{30AE666C-DA18-4C57-A177-D82C5A9C52A8}.Release|x64.Build.0 = Release|Any CPU
		{30AE666C-DA18-4C57-A177-D82C5A9C52A8}.Release|x86.ActiveCfg = Release|Any CPU
		{30AE666C-DA18-4C57-A177-D82C5A9C52A8}.Release|x86.Build.0 = Release|Any CPU
		{2D20BD99-F9AF-4C48-903B-704C4C4C341B}.Debug|Any CPU.ActiveCfg = Debug|Any CPU
		{2D20BD99-F9AF-4C48-903B-704C4C4C341B}.Debug|Any CPU.Build.0 = Debug|Any CPU
		{2D20BD99-F9AF-4C48-903B-704C4C4C341B}.Debug|x64.ActiveCfg = Debug|Any CPU
		{2D20BD99-F9AF-4C48-903B-704C4C4C341B}.Debug|x64.Build.0 = Debug|Any CPU
		{2D20BD99-F9AF-4C48-903B-704C4C4C341B}.Debug|x86.ActiveCfg = Debug|Any CPU
		{2D20BD99-F9AF-4C48-903B-704C4C4C341B}.Debug|x86.Build.0 = Debug|Any CPU
		{2D20BD99-F9AF-4C48-903B-704C4C4C341B}.Release|Any CPU.ActiveCfg = Release|Any CPU
		{2D20BD99-F9AF-4C48-903B-704C4C4C341B}.Release|Any CPU.Build.0 = Release|Any CPU
		{2D20BD99-F9AF-4C48-903B-704C4C4C341B}.Release|x64.ActiveCfg = Release|Any CPU
		{2D20BD99-F9AF-4C48-903B-704C4C4C341B}.Release|x64.Build.0 = Release|Any CPU
		{2D20BD99-F9AF-4C48-903B-704C4C4C341B}.Release|x86.ActiveCfg = Release|Any CPU
		{2D20BD99-F9AF-4C48-903B-704C4C4C341B}.Release|x86.Build.0 = Release|Any CPU
		{1CF582EE-4D49-4216-9B33-E699FE04D590}.Debug|Any CPU.ActiveCfg = Debug|Any CPU
		{1CF582EE-4D49-4216-9B33-E699FE04D590}.Debug|Any CPU.Build.0 = Debug|Any CPU
		{1CF582EE-4D49-4216-9B33-E699FE04D590}.Debug|x64.ActiveCfg = Debug|Any CPU
		{1CF582EE-4D49-4216-9B33-E699FE04D590}.Debug|x64.Build.0 = Debug|Any CPU
		{1CF582EE-4D49-4216-9B33-E699FE04D590}.Debug|x86.ActiveCfg = Debug|Any CPU
		{1CF582EE-4D49-4216-9B33-E699FE04D590}.Debug|x86.Build.0 = Debug|Any CPU
		{1CF582EE-4D49-4216-9B33-E699FE04D590}.Release|Any CPU.ActiveCfg = Release|Any CPU
		{1CF582EE-4D49-4216-9B33-E699FE04D590}.Release|Any CPU.Build.0 = Release|Any CPU
		{1CF582EE-4D49-4216-9B33-E699FE04D590}.Release|x64.ActiveCfg = Release|Any CPU
		{1CF582EE-4D49-4216-9B33-E699FE04D590}.Release|x64.Build.0 = Release|Any CPU
		{1CF582EE-4D49-4216-9B33-E699FE04D590}.Release|x86.ActiveCfg = Release|Any CPU
		{1CF582EE-4D49-4216-9B33-E699FE04D590}.Release|x86.Build.0 = Release|Any CPU
		{A012A06F-FB2C-4BF3-A91E-CB486EF9DCD4}.Debug|Any CPU.ActiveCfg = Debug|Any CPU
		{A012A06F-FB2C-4BF3-A91E-CB486EF9DCD4}.Debug|Any CPU.Build.0 = Debug|Any CPU
		{A012A06F-FB2C-4BF3-A91E-CB486EF9DCD4}.Debug|x64.ActiveCfg = Debug|Any CPU
		{A012A06F-FB2C-4BF3-A91E-CB486EF9DCD4}.Debug|x64.Build.0 = Debug|Any CPU
		{A012A06F-FB2C-4BF3-A91E-CB486EF9DCD4}.Debug|x86.ActiveCfg = Debug|Any CPU
		{A012A06F-FB2C-4BF3-A91E-CB486EF9DCD4}.Debug|x86.Build.0 = Debug|Any CPU
		{A012A06F-FB2C-4BF3-A91E-CB486EF9DCD4}.Release|Any CPU.ActiveCfg = Release|Any CPU
		{A012A06F-FB2C-4BF3-A91E-CB486EF9DCD4}.Release|Any CPU.Build.0 = Release|Any CPU
		{A012A06F-FB2C-4BF3-A91E-CB486EF9DCD4}.Release|x64.ActiveCfg = Release|Any CPU
		{A012A06F-FB2C-4BF3-A91E-CB486EF9DCD4}.Release|x64.Build.0 = Release|Any CPU
		{A012A06F-FB2C-4BF3-A91E-CB486EF9DCD4}.Release|x86.ActiveCfg = Release|Any CPU
		{A012A06F-FB2C-4BF3-A91E-CB486EF9DCD4}.Release|x86.Build.0 = Release|Any CPU
		{E5B8A66E-6D31-49AD-8395-A67A2B1F554A}.Debug|Any CPU.ActiveCfg = Debug|Any CPU
		{E5B8A66E-6D31-49AD-8395-A67A2B1F554A}.Debug|Any CPU.Build.0 = Debug|Any CPU
		{E5B8A66E-6D31-49AD-8395-A67A2B1F554A}.Debug|x64.ActiveCfg = Debug|Any CPU
		{E5B8A66E-6D31-49AD-8395-A67A2B1F554A}.Debug|x64.Build.0 = Debug|Any CPU
		{E5B8A66E-6D31-49AD-8395-A67A2B1F554A}.Debug|x86.ActiveCfg = Debug|Any CPU
		{E5B8A66E-6D31-49AD-8395-A67A2B1F554A}.Debug|x86.Build.0 = Debug|Any CPU
		{E5B8A66E-6D31-49AD-8395-A67A2B1F554A}.Release|Any CPU.ActiveCfg = Release|Any CPU
		{E5B8A66E-6D31-49AD-8395-A67A2B1F554A}.Release|Any CPU.Build.0 = Release|Any CPU
		{E5B8A66E-6D31-49AD-8395-A67A2B1F554A}.Release|x64.ActiveCfg = Release|Any CPU
		{E5B8A66E-6D31-49AD-8395-A67A2B1F554A}.Release|x64.Build.0 = Release|Any CPU
		{E5B8A66E-6D31-49AD-8395-A67A2B1F554A}.Release|x86.ActiveCfg = Release|Any CPU
		{E5B8A66E-6D31-49AD-8395-A67A2B1F554A}.Release|x86.Build.0 = Release|Any CPU
		{38CBD9C9-F16A-4990-8991-28F747A122E1}.Debug|Any CPU.ActiveCfg = Debug|Any CPU
		{38CBD9C9-F16A-4990-8991-28F747A122E1}.Debug|Any CPU.Build.0 = Debug|Any CPU
		{38CBD9C9-F16A-4990-8991-28F747A122E1}.Debug|x64.ActiveCfg = Debug|Any CPU
		{38CBD9C9-F16A-4990-8991-28F747A122E1}.Debug|x64.Build.0 = Debug|Any CPU
		{38CBD9C9-F16A-4990-8991-28F747A122E1}.Debug|x86.ActiveCfg = Debug|Any CPU
		{38CBD9C9-F16A-4990-8991-28F747A122E1}.Debug|x86.Build.0 = Debug|Any CPU
		{38CBD9C9-F16A-4990-8991-28F747A122E1}.Release|Any CPU.ActiveCfg = Release|Any CPU
		{38CBD9C9-F16A-4990-8991-28F747A122E1}.Release|Any CPU.Build.0 = Release|Any CPU
		{38CBD9C9-F16A-4990-8991-28F747A122E1}.Release|x64.ActiveCfg = Release|Any CPU
		{38CBD9C9-F16A-4990-8991-28F747A122E1}.Release|x64.Build.0 = Release|Any CPU
		{38CBD9C9-F16A-4990-8991-28F747A122E1}.Release|x86.ActiveCfg = Release|Any CPU
		{38CBD9C9-F16A-4990-8991-28F747A122E1}.Release|x86.Build.0 = Release|Any CPU
		{00BA54FB-B226-4631-A385-FCA2F48E30CC}.Debug|Any CPU.ActiveCfg = Debug|Any CPU
		{00BA54FB-B226-4631-A385-FCA2F48E30CC}.Debug|Any CPU.Build.0 = Debug|Any CPU
		{00BA54FB-B226-4631-A385-FCA2F48E30CC}.Debug|x64.ActiveCfg = Debug|Any CPU
		{00BA54FB-B226-4631-A385-FCA2F48E30CC}.Debug|x64.Build.0 = Debug|Any CPU
		{00BA54FB-B226-4631-A385-FCA2F48E30CC}.Debug|x86.ActiveCfg = Debug|Any CPU
		{00BA54FB-B226-4631-A385-FCA2F48E30CC}.Debug|x86.Build.0 = Debug|Any CPU
		{00BA54FB-B226-4631-A385-FCA2F48E30CC}.Release|Any CPU.ActiveCfg = Release|Any CPU
		{00BA54FB-B226-4631-A385-FCA2F48E30CC}.Release|Any CPU.Build.0 = Release|Any CPU
		{00BA54FB-B226-4631-A385-FCA2F48E30CC}.Release|x64.ActiveCfg = Release|Any CPU
		{00BA54FB-B226-4631-A385-FCA2F48E30CC}.Release|x64.Build.0 = Release|Any CPU
		{00BA54FB-B226-4631-A385-FCA2F48E30CC}.Release|x86.ActiveCfg = Release|Any CPU
		{00BA54FB-B226-4631-A385-FCA2F48E30CC}.Release|x86.Build.0 = Release|Any CPU
		{FEF74610-0BAD-49E7-9554-91BC10A76E7C}.Debug|Any CPU.ActiveCfg = Debug|Any CPU
		{FEF74610-0BAD-49E7-9554-91BC10A76E7C}.Debug|Any CPU.Build.0 = Debug|Any CPU
		{FEF74610-0BAD-49E7-9554-91BC10A76E7C}.Debug|x64.ActiveCfg = Debug|Any CPU
		{FEF74610-0BAD-49E7-9554-91BC10A76E7C}.Debug|x64.Build.0 = Debug|Any CPU
		{FEF74610-0BAD-49E7-9554-91BC10A76E7C}.Debug|x86.ActiveCfg = Debug|Any CPU
		{FEF74610-0BAD-49E7-9554-91BC10A76E7C}.Debug|x86.Build.0 = Debug|Any CPU
		{FEF74610-0BAD-49E7-9554-91BC10A76E7C}.Release|Any CPU.ActiveCfg = Release|Any CPU
		{FEF74610-0BAD-49E7-9554-91BC10A76E7C}.Release|Any CPU.Build.0 = Release|Any CPU
		{FEF74610-0BAD-49E7-9554-91BC10A76E7C}.Release|x64.ActiveCfg = Release|Any CPU
		{FEF74610-0BAD-49E7-9554-91BC10A76E7C}.Release|x64.Build.0 = Release|Any CPU
		{FEF74610-0BAD-49E7-9554-91BC10A76E7C}.Release|x86.ActiveCfg = Release|Any CPU
		{FEF74610-0BAD-49E7-9554-91BC10A76E7C}.Release|x86.Build.0 = Release|Any CPU
	EndGlobalSection
	GlobalSection(SolutionProperties) = preSolution
		HideSolutionNode = FALSE
	EndGlobalSection
	GlobalSection(NestedProjects) = preSolution
		{8BD10307-FA72-493B-90B7-A874536D22D2} = {0AB3BF05-4346-4AA6-1389-037BE0695223}
		{FE360695-3F2B-1049-3887-35FBB5135923} = {827E0CD3-B72D-47B6-A68D-7590B98EB39B}
		{BA7D6F35-8EB6-4380-9658-6D9F75A490AC} = {FE360695-3F2B-1049-3887-35FBB5135923}
		{413237E9-F59A-4762-9AA6-A4E0BBF4ECA0} = {FE360695-3F2B-1049-3887-35FBB5135923}
		{6B5C8CCF-B9DB-40D6-A0F2-FA4FAB79242B} = {FE360695-3F2B-1049-3887-35FBB5135923}
		{A1A1F04C-DAD9-45A1-817C-35ABC754E74B} = {FE360695-3F2B-1049-3887-35FBB5135923}
		{30AE666C-DA18-4C57-A177-D82C5A9C52A8} = {FE360695-3F2B-1049-3887-35FBB5135923}
		{2D20BD99-F9AF-4C48-903B-704C4C4C341B} = {0AB3BF05-4346-4AA6-1389-037BE0695223}
		{1CF582EE-4D49-4216-9B33-E699FE04D590} = {FE360695-3F2B-1049-3887-35FBB5135923}
		{A012A06F-FB2C-4BF3-A91E-CB486EF9DCD4} = {0AB3BF05-4346-4AA6-1389-037BE0695223}
		{E5B8A66E-6D31-49AD-8395-A67A2B1F554A} = {0AB3BF05-4346-4AA6-1389-037BE0695223}
		{9787BF88-EEEB-1624-8357-14EC64727FE2} = {827E0CD3-B72D-47B6-A68D-7590B98EB39B}
		{38CBD9C9-F16A-4990-8991-28F747A122E1} = {9787BF88-EEEB-1624-8357-14EC64727FE2}
		{00BA54FB-B226-4631-A385-FCA2F48E30CC} = {0AB3BF05-4346-4AA6-1389-037BE0695223}
		{FEF74610-0BAD-49E7-9554-91BC10A76E7C} = {0AB3BF05-4346-4AA6-1389-037BE0695223}
	EndGlobalSection
EndGlobal
